
Microsoft Visual Studio Solution File, Format Version 12.00
# Visual Studio Version 16
VisualStudioVersion = 16.0.29709.97
MinimumVisualStudioVersion = 10.0.40219.1
Project("{FAE04EC0-301F-11D3-BF4B-00C04F79EFBC}") = "CreateStruct", "CreateStruct\CreateStruct.csproj", "{C27B48B6-4D75-4A66-898A-E4DCE7516F6D}"
EndProject
Global
	GlobalSection(SolutionConfigurationPlatforms) = preSolution
		Debug|Any CPU = Debug|Any CPU
		Release|Any CPU = Release|Any CPU
	EndGlobalSection
	GlobalSection(ProjectConfigurationPlatforms) = postSolution
		{C27B48B6-4D75-4A66-898A-E4DCE7516F6D}.Debug|Any CPU.ActiveCfg = Debug|Any CPU
		{C27B48B6-4D75-4A66-898A-E4DCE7516F6D}.Debug|Any CPU.Build.0 = Debug|Any CPU
		{C27B48B6-4D75-4A66-898A-E4DCE7516F6D}.Release|Any CPU.ActiveCfg = Release|Any CPU
		{C27B48B6-4D75-4A66-898A-E4DCE7516F6D}.Release|Any CPU.Build.0 = Release|Any CPU
	EndGlobalSection
	GlobalSection(SolutionProperties) = preSolution
		HideSolutionNode = FALSE
	EndGlobalSection
	GlobalSection(ExtensibilityGlobals) = postSolution
		SolutionGuid = {E12E56DB-B757-455B-AD89-EF49FEC934E3}
	EndGlobalSection
EndGlobal
